// !$*UTF8*$!
{
	archiveVersion = 1;
	classes = {
	};
	objectVersion = 55;
	objects = {

/* Begin PBXBuildFile section */
		E297818028424E62000FC965 /* AppDelegate.swift in Sources */ = {isa = PBXBuildFile; fileRef = E297817F28424E62000FC965 /* AppDelegate.swift */; };
		E297818228424E62000FC965 /* SceneDelegate.swift in Sources */ = {isa = PBXBuildFile; fileRef = E297818128424E62000FC965 /* SceneDelegate.swift */; };
		E297818428424E62000FC965 /* ViewController.swift in Sources */ = {isa = PBXBuildFile; fileRef = E297818328424E62000FC965 /* ViewController.swift */; };
		E297818928424E63000FC965 /* Assets.xcassets in Resources */ = {isa = PBXBuildFile; fileRef = E297818828424E63000FC965 /* Assets.xcassets */; };
		E297818C28424E63000FC965 /* LaunchScreen.storyboard in Resources */ = {isa = PBXBuildFile; fileRef = E297818A28424E63000FC965 /* LaunchScreen.storyboard */; };
		E29781D12846115B000FC965 /* ChildViewController.swift in Sources */ = {isa = PBXBuildFile; fileRef = E29781D02846115B000FC965 /* ChildViewController.swift */; };
		E29781D42847F8C5000FC965 /* SceneDelegate-StateRestoration.swift in Sources */ = {isa = PBXBuildFile; fileRef = E29781D32847F8C5000FC965 /* SceneDelegate-StateRestoration.swift */; };
/* End PBXBuildFile section */

/* Begin PBXFileReference section */
		E297817C28424E62000FC965 /* UIRestoration-Playground.app */ = {isa = PBXFileReference; explicitFileType = wrapper.application; includeInIndex = 0; path = "UIRestoration-Playground.app"; sourceTree = BUILT_PRODUCTS_DIR; };
		E297817F28424E62000FC965 /* AppDelegate.swift */ = {isa = PBXFileReference; lastKnownFileType = sourcecode.swift; path = AppDelegate.swift; sourceTree = "<group>"; };
		E297818128424E62000FC965 /* SceneDelegate.swift */ = {isa = PBXFileReference; lastKnownFileType = sourcecode.swift; path = SceneDelegate.swift; sourceTree = "<group>"; };
		E297818328424E62000FC965 /* ViewController.swift */ = {isa = PBXFileReference; lastKnownFileType = sourcecode.swift; path = ViewController.swift; sourceTree = "<group>"; };
		E297818828424E63000FC965 /* Assets.xcassets */ = {isa = PBXFileReference; lastKnownFileType = folder.assetcatalog; path = Assets.xcassets; sourceTree = "<group>"; };
		E297818B28424E63000FC965 /* Base */ = {isa = PBXFileReference; lastKnownFileType = file.storyboard; name = Base; path = Base.lproj/LaunchScreen.storyboard; sourceTree = "<group>"; };
		E297818D28424E63000FC965 /* Info.plist */ = {isa = PBXFileReference; lastKnownFileType = text.plist.xml; path = Info.plist; sourceTree = "<group>"; };
		E29781D02846115B000FC965 /* ChildViewController.swift */ = {isa = PBXFileReference; lastKnownFileType = sourcecode.swift; path = ChildViewController.swift; sourceTree = "<group>"; };
		E29781D32847F8C5000FC965 /* SceneDelegate-StateRestoration.swift */ = {isa = PBXFileReference; lastKnownFileType = sourcecode.swift; path = "SceneDelegate-StateRestoration.swift"; sourceTree = "<group>"; };
/* End PBXFileReference section */

/* Begin PBXFrameworksBuildPhase section */
		E297817928424E62000FC965 /* Frameworks */ = {
			isa = PBXFrameworksBuildPhase;
			buildActionMask = 2147483647;
			files = (
			);
			runOnlyForDeploymentPostprocessing = 0;
		};
/* End PBXFrameworksBuildPhase section */

/* Begin PBXGroup section */
		E297817328424E62000FC965 = {
			isa = PBXGroup;
			children = (
				E297817E28424E62000FC965 /* UIRestoration-Playground */,
				E297817D28424E62000FC965 /* Products */,
			);
			sourceTree = "<group>";
		};
		E297817D28424E62000FC965 /* Products */ = {
			isa = PBXGroup;
			children = (
				E297817C28424E62000FC965 /* UIRestoration-Playground.app */,
			);
			name = Products;
			sourceTree = "<group>";
		};
		E297817E28424E62000FC965 /* UIRestoration-Playground */ = {
			isa = PBXGroup;
			children = (
				E297817F28424E62000FC965 /* AppDelegate.swift */,
				E297818128424E62000FC965 /* SceneDelegate.swift */,
				E29781D32847F8C5000FC965 /* SceneDelegate-StateRestoration.swift */,
				E29781D228461165000FC965 /* ViewControllers */,
				E297818828424E63000FC965 /* Assets.xcassets */,
				E297818A28424E63000FC965 /* LaunchScreen.storyboard */,
				E297818D28424E63000FC965 /* Info.plist */,
			);
			path = "UIRestoration-Playground";
			sourceTree = "<group>";
		};
		E29781D228461165000FC965 /* ViewControllers */ = {
			isa = PBXGroup;
			children = (
				E297818328424E62000FC965 /* ViewController.swift */,
				E29781D02846115B000FC965 /* ChildViewController.swift */,
			);
			path = ViewControllers;
			sourceTree = "<group>";
		};
/* End PBXGroup section */

/* Begin PBXNativeTarget section */
		E297817B28424E62000FC965 /* UIRestoration-Playground */ = {
			isa = PBXNativeTarget;
			buildConfigurationList = E297819028424E63000FC965 /* Build configuration list for PBXNativeTarget "UIRestoration-Playground" */;
			buildPhases = (
				E297817828424E62000FC965 /* Sources */,
				E297817928424E62000FC965 /* Frameworks */,
				E297817A28424E62000FC965 /* Resources */,
			);
			buildRules = (
			);
			dependencies = (
			);
			name = "UIRestoration-Playground";
			productName = "UIRestoration-Playground";
			productReference = E297817C28424E62000FC965 /* UIRestoration-Playground.app */;
			productType = "com.apple.product-type.application";
		};
/* End PBXNativeTarget section */

/* Begin PBXProject section */
		E297817428424E62000FC965 /* Project object */ = {
			isa = PBXProject;
			attributes = {
				BuildIndependentTargetsInParallel = 1;
				LastSwiftUpdateCheck = 1330;
				LastUpgradeCheck = 1330;
				TargetAttributes = {
					E297817B28424E62000FC965 = {
						CreatedOnToolsVersion = 13.3;
					};
				};
			};
			buildConfigurationList = E297817728424E62000FC965 /* Build configuration list for PBXProject "UIRestoration-Playground" */;
			compatibilityVersion = "Xcode 13.0";
			developmentRegion = en;
			hasScannedForEncodings = 0;
			knownRegions = (
				en,
				Base,
			);
			mainGroup = E297817328424E62000FC965;
			productRefGroup = E297817D28424E62000FC965 /* Products */;
			projectDirPath = "";
			projectRoot = "";
			targets = (
				E297817B28424E62000FC965 /* UIRestoration-Playground */,
			);
		};
/* End PBXProject section */

/* Begin PBXResourcesBuildPhase section */
		E297817A28424E62000FC965 /* Resources */ = {
			isa = PBXResourcesBuildPhase;
			buildActionMask = 2147483647;
			files = (
				E297818C28424E63000FC965 /* LaunchScreen.storyboard in Resources */,
				E297818928424E63000FC965 /* Assets.xcassets in Resources */,
			);
			runOnlyForDeploymentPostprocessing = 0;
		};
/* End PBXResourcesBuildPhase section */

/* Begin PBXSourcesBuildPhase section */
		E297817828424E62000FC965 /* Sources */ = {
			isa = PBXSourcesBuildPhase;
			buildActionMask = 2147483647;
			files = (
				E297818428424E62000FC965 /* ViewController.swift in Sources */,
				E297818028424E62000FC965 /* AppDelegate.swift in Sources */,
				E29781D42847F8C5000FC965 /* SceneDelegate-StateRestoration.swift in Sources */,
				E297818228424E62000FC965 /* SceneDelegate.swift in Sources */,
				E29781D12846115B000FC965 /* ChildViewController.swift in Sources */,
			);
			runOnlyForDeploymentPostprocessing = 0;
		};
/* End PBXSourcesBuildPhase section */

/* Begin PBXVariantGroup section */
		E297818A28424E63000FC965 /* LaunchScreen.storyboard */ = {
			isa = PBXVariantGroup;
			children = (
				E297818B28424E63000FC965 /* Base */,
			);
			name = LaunchScreen.storyboard;
			sourceTree = "<group>";
		};
/* End PBXVariantGroup section */

/* Begin XCBuildConfiguration section */
		E297818E28424E63000FC965 /* Debug */ = {
			isa = XCBuildConfiguration;
			buildSettings = {
				ALWAYS_SEARCH_USER_PATHS = NO;
				CLANG_ANALYZER_NONNULL = YES;
				CLANG_ANALYZER_NUMBER_OBJECT_CONVERSION = YES_AGGRESSIVE;
				CLANG_CXX_LANGUAGE_STANDARD = "gnu++17";
				CLANG_ENABLE_MODULES = YES;
				CLANG_ENABLE_OBJC_ARC = YES;
				CLANG_ENABLE_OBJC_WEAK = YES;
				CLANG_WARN_BLOCK_CAPTURE_AUTORELEASING = YES;
				CLANG_WARN_BOOL_CONVERSION = YES;
				CLANG_WARN_COMMA = YES;
				CLANG_WARN_CONSTANT_CONVERSION = YES;
				CLANG_WARN_DEPRECATED_OBJC_IMPLEMENTATIONS = YES;
				CLANG_WARN_DIRECT_OBJC_ISA_USAGE = YES_ERROR;
				CLANG_WARN_DOCUMENTATION_COMMENTS = YES;
				CLANG_WARN_EMPTY_BODY = YES;
				CLANG_WARN_ENUM_CONVERSION = YES;
				CLANG_WARN_INFINITE_RECURSION = YES;
				CLANG_WARN_INT_CONVERSION = YES;
				CLANG_WARN_NON_LITERAL_NULL_CONVERSION = YES;
				CLANG_WARN_OBJC_IMPLICIT_RETAIN_SELF = YES;
				CLANG_WARN_OBJC_LITERAL_CONVERSION = YES;
				CLANG_WARN_OBJC_ROOT_CLASS = YES_ERROR;
				CLANG_WARN_QUOTED_INCLUDE_IN_FRAMEWORK_HEADER = YES;
				CLANG_WARN_RANGE_LOOP_ANALYSIS = YES;
				CLANG_WARN_STRICT_PROTOTYPES = YES;
				CLANG_WARN_SUSPICIOUS_MOVE = YES;
				CLANG_WARN_UNGUARDED_AVAILABILITY = YES_AGGRESSIVE;
				CLANG_WARN_UNREACHABLE_CODE = YES;
				CLANG_WARN__DUPLICATE_METHOD_MATCH = YES;
				COPY_PHASE_STRIP = NO;
				DEBUG_INFORMATION_FORMAT = dwarf;
				ENABLE_STRICT_OBJC_MSGSEND = YES;
				ENABLE_TESTABILITY = YES;
				GCC_C_LANGUAGE_STANDARD = gnu11;
				GCC_DYNAMIC_NO_PIC = NO;
				GCC_NO_COMMON_BLOCKS = YES;
				GCC_OPTIMIZATION_LEVEL = 0;
				GCC_PREPROCESSOR_DEFINITIONS = (
					"DEBUG=1",
					"$(inherited)",
				);
				GCC_WARN_64_TO_32_BIT_CONVERSION = YES;
				GCC_WARN_ABOUT_RETURN_TYPE = YES_ERROR;
				GCC_WARN_UNDECLARED_SELECTOR = YES;
				GCC_WARN_UNINITIALIZED_AUTOS = YES_AGGRESSIVE;
				GCC_WARN_UNUSED_FUNCTION = YES;
				GCC_WARN_UNUSED_VARIABLE = YES;
				IPHONEOS_DEPLOYMENT_TARGET = 15.0;
				MTL_ENABLE_DEBUG_INFO = INCLUDE_SOURCE;
				MTL_FAST_MATH = YES;
				ONLY_ACTIVE_ARCH = YES;
				SDKROOT = iphoneos;
				SWIFT_ACTIVE_COMPILATION_CONDITIONS = DEBUG;
				SWIFT_OPTIMIZATION_LEVEL = "-Onone";
			};
			name = Debug;
		};
		E297818F28424E63000FC965 /* Release */ = {
			isa = XCBuildConfiguration;
			buildSettings = {
				ALWAYS_SEARCH_USER_PATHS = NO;
				CLANG_ANALYZER_NONNULL = YES;
				CLANG_ANALYZER_NUMBER_OBJECT_CONVERSION = YES_AGGRESSIVE;
				CLANG_CXX_LANGUAGE_STANDARD = "gnu++17";
				CLANG_ENABLE_MODULES = YES;
				CLANG_ENABLE_OBJC_ARC = YES;
				CLANG_ENABLE_OBJC_WEAK = YES;
				CLANG_WARN_BLOCK_CAPTURE_AUTORELEASING = YES;
				CLANG_WARN_BOOL_CONVERSION = YES;
				CLANG_WARN_COMMA = YES;
				CLANG_WARN_CONSTANT_CONVERSION = YES;
				CLANG_WARN_DEPRECATED_OBJC_IMPLEMENTATIONS = YES;
				CLANG_WARN_DIRECT_OBJC_ISA_USAGE = YES_ERROR;
				CLANG_WARN_DOCUMENTATION_COMMENTS = YES;
				CLANG_WARN_EMPTY_BODY = YES;
				CLANG_WARN_ENUM_CONVERSION = YES;
				CLANG_WARN_INFINITE_RECURSION = YES;
				CLANG_WARN_INT_CONVERSION = YES;
				CLANG_WARN_NON_LITERAL_NULL_CONVERSION = YES;
				CLANG_WARN_OBJC_IMPLICIT_RETAIN_SELF = YES;
				CLANG_WARN_OBJC_LITERAL_CONVERSION = YES;
				CLANG_WARN_OBJC_ROOT_CLASS = YES_ERROR;
				CLANG_WARN_QUOTED_INCLUDE_IN_FRAMEWORK_HEADER = YES;
				CLANG_WARN_RANGE_LOOP_ANALYSIS = YES;
				CLANG_WARN_STRICT_PROTOTYPES = YES;
				CLANG_WARN_SUSPICIOUS_MOVE = YES;
				CLANG_WARN_UNGUARDED_AVAILABILITY = YES_AGGRESSIVE;
				CLANG_WARN_UNREACHABLE_CODE = YES;
				CLANG_WARN__DUPLICATE_METHOD_MATCH = YES;
				COPY_PHASE_STRIP = NO;
				DEBUG_INFORMATION_FORMAT = "dwarf-with-dsym";
				ENABLE_NS_ASSERTIONS = NO;
				ENABLE_STRICT_OBJC_MSGSEND = YES;
				GCC_C_LANGUAGE_STANDARD = gnu11;
				GCC_NO_COMMON_BLOCKS = YES;
				GCC_WARN_64_TO_32_BIT_CONVERSION = YES;
				GCC_WARN_ABOUT_RETURN_TYPE = YES_ERROR;
				GCC_WARN_UNDECLARED_SELECTOR = YES;
				GCC_WARN_UNINITIALIZED_AUTOS = YES_AGGRESSIVE;
				GCC_WARN_UNUSED_FUNCTION = YES;
				GCC_WARN_UNUSED_VARIABLE = YES;
				IPHONEOS_DEPLOYMENT_TARGET = 15.0;
				MTL_ENABLE_DEBUG_INFO = NO;
				MTL_FAST_MATH = YES;
				SDKROOT = iphoneos;
				SWIFT_COMPILATION_MODE = wholemodule;
				SWIFT_OPTIMIZATION_LEVEL = "-O";
				VALIDATE_PRODUCT = YES;
			};
			name = Release;
		};
		E297819128424E63000FC965 /* Debug */ = {
			isa = XCBuildConfiguration;
			buildSettings = {
				ASSETCATALOG_COMPILER_APPICON_NAME = AppIcon;
				ASSETCATALOG_COMPILER_GLOBAL_ACCENT_COLOR_NAME = AccentColor;
				CODE_SIGN_STYLE = Automatic;
				CURRENT_PROJECT_VERSION = 1;
				DEVELOPMENT_TEAM = KWBL32UU3W;
				GENERATE_INFOPLIST_FILE = YES;
				INFOPLIST_FILE = "UIRestoration-Playground/Info.plist";
				INFOPLIST_KEY_UIApplicationSupportsIndirectInputEvents = YES;
				INFOPLIST_KEY_UILaunchStoryboardName = LaunchScreen;
				INFOPLIST_KEY_UISupportedInterfaceOrientations_iPad = "UIInterfaceOrientationPortrait UIInterfaceOrientationPortraitUpsideDown UIInterfaceOrientationLandscapeLeft UIInterfaceOrientationLandscapeRight";
				INFOPLIST_KEY_UISupportedInterfaceOrientations_iPhone = "UIInterfaceOrientationPortrait UIInterfaceOrientationLandscapeLeft UIInterfaceOrientationLandscapeRight";
				IPHONEOS_DEPLOYMENT_TARGET = 15.0;
				LD_RUNPATH_SEARCH_PATHS = (
					"$(inherited)",
					"@executable_path/Frameworks",
				);
				MARKETING_VERSION = 1.0;
				PRODUCT_BUNDLE_IDENTIFIER = "kattyrina77-gmail.com.UIRestoration-Playground";
				PRODUCT_NAME = "$(TARGET_NAME)";
				SWIFT_EMIT_LOC_STRINGS = YES;
				SWIFT_VERSION = 5.0;
				TARGETED_DEVICE_FAMILY = "1,2";
			};
			name = Debug;
		};
		E297819228424E63000FC965 /* Release */ = {
			isa = XCBuildConfiguration;
			buildSettings = {
				ASSETCATALOG_COMPILER_APPICON_NAME = AppIcon;
				ASSETCATALOG_COMPILER_GLOBAL_ACCENT_COLOR_NAME = AccentColor;
				CODE_SIGN_STYLE = Automatic;
				CURRENT_PROJECT_VERSION = 1;
				DEVELOPMENT_TEAM = KWBL32UU3W;
				GENERATE_INFOPLIST_FILE = YES;
				INFOPLIST_FILE = "UIRestoration-Playground/Info.plist";
				INFOPLIST_KEY_UIApplicationSupportsIndirectInputEvents = YES;
				INFOPLIST_KEY_UILaunchStoryboardName = LaunchScreen;
				INFOPLIST_KEY_UISupportedInterfaceOrientations_iPad = "UIInterfaceOrientationPortrait UIInterfaceOrientationPortraitUpsideDown UIInterfaceOrientationLandscapeLeft UIInterfaceOrientationLandscapeRight";
				INFOPLIST_KEY_UISupportedInterfaceOrientations_iPhone = "UIInterfaceOrientationPortrait UIInterfaceOrientationLandscapeLeft UIInterfaceOrientationLandscapeRight";
				IPHONEOS_DEPLOYMENT_TARGET = 15.0;
				LD_RUNPATH_SEARCH_PATHS = (
					"$(inherited)",
					"@executable_path/Frameworks",
				);
				MARKETING_VERSION = 1.0;
				PRODUCT_BUNDLE_IDENTIFIER = "kattyrina77-gmail.com.UIRestoration-Playground";
				PRODUCT_NAME = "$(TARGET_NAME)";
				SWIFT_EMIT_LOC_STRINGS = YES;
				SWIFT_VERSION = 5.0;
				TARGETED_DEVICE_FAMILY = "1,2";
			};
			name = Release;
		};
/* End XCBuildConfiguration section */

/* Begin XCConfigurationList section */
		E297817728424E62000FC965 /* Build configuration list for PBXProject "UIRestoration-Playground" */ = {
			isa = XCConfigurationList;
			buildConfigurations = (
				E297818E28424E63000FC965 /* Debug */,
				E297818F28424E63000FC965 /* Release */,
			);
			defaultConfigurationIsVisible = 0;
			defaultConfigurationName = Release;
		};
		E297819028424E63000FC965 /* Build configuration list for PBXNativeTarget "UIRestoration-Playground" */ = {
			isa = XCConfigurationList;
			buildConfigurations = (
				E297819128424E63000FC965 /* Debug */,
				E297819228424E63000FC965 /* Release */,
			);
			defaultConfigurationIsVisible = 0;
			defaultConfigurationName = Release;
		};
/* End XCConfigurationList section */
	};
	rootObject = E297817428424E62000FC965 /* Project object */;
}
